
Microsoft Visual Studio Solution File, Format Version 12.00
# Visual Studio Version 17
VisualStudioVersion = 17.1.32210.238
MinimumVisualStudioVersion = 10.0.40219.1
Project("{FAE04EC0-301F-11D3-BF4B-00C04F79EFBC}") = "EX4_Q1", "EX4_Q1\EX4_Q1.csproj", "{7F601A38-3865-4C51-AD6F-8BB0F6951815}"
EndProject
Global
	GlobalSection(SolutionConfigurationPlatforms) = preSolution
		Debug|Any CPU = Debug|Any CPU
		Release|Any CPU = Release|Any CPU
	EndGlobalSection
	GlobalSection(ProjectConfigurationPlatforms) = postSolution
		{7F601A38-3865-4C51-AD6F-8BB0F6951815}.Debug|Any CPU.ActiveCfg = Debug|Any CPU
		{7F601A38-3865-4C51-AD6F-8BB0F6951815}.Debug|Any CPU.Build.0 = Debug|Any CPU
		{7F601A38-3865-4C51-AD6F-8BB0F6951815}.Release|Any CPU.ActiveCfg = Release|Any CPU
		{7F601A38-3865-4C51-AD6F-8BB0F6951815}.Release|Any CPU.Build.0 = Release|Any CPU
	EndGlobalSection
	GlobalSection(SolutionProperties) = preSolution
		HideSolutionNode = FALSE
	EndGlobalSection
	GlobalSection(ExtensibilityGlobals) = postSolution
		SolutionGuid = {B0662DB1-27F7-4EBC-BDE6-17AC142D7103}
	EndGlobalSection
EndGlobal
