
Microsoft Visual Studio Solution File, Format Version 12.00
# Visual Studio Version 17
VisualStudioVersion = 17.1.32421.90
MinimumVisualStudioVersion = 10.0.40219.1
Project("{9A19103F-16F7-4668-BE54-9A1E7A4F7556}") = "EX3_Q3_Mortgage", "EX3_Q3_Mortgage.csproj", "{E940A0B1-8D17-41ED-81B7-378E9264F54F}"
EndProject
Global
	GlobalSection(SolutionConfigurationPlatforms) = preSolution
		Debug|Any CPU = Debug|Any CPU
		Release|Any CPU = Release|Any CPU
	EndGlobalSection
	GlobalSection(ProjectConfigurationPlatforms) = postSolution
		{E940A0B1-8D17-41ED-81B7-378E9264F54F}.Debug|Any CPU.ActiveCfg = Debug|Any CPU
		{E940A0B1-8D17-41ED-81B7-378E9264F54F}.Debug|Any CPU.Build.0 = Debug|Any CPU
		{E940A0B1-8D17-41ED-81B7-378E9264F54F}.Release|Any CPU.ActiveCfg = Release|Any CPU
		{E940A0B1-8D17-41ED-81B7-378E9264F54F}.Release|Any CPU.Build.0 = Release|Any CPU
	EndGlobalSection
	GlobalSection(SolutionProperties) = preSolution
		HideSolutionNode = FALSE
	EndGlobalSection
	GlobalSection(ExtensibilityGlobals) = postSolution
		SolutionGuid = {43DEFA50-6C67-4DE7-92D3-868565DB8147}
	EndGlobalSection
EndGlobal
